
Microsoft Visual Studio Solution File, Format Version 12.00
# Visual Studio Version 17
VisualStudioVersion = 17.13.35825.156 d17.13
MinimumVisualStudioVersion = 10.0.40219.1
Project("{FAE04EC0-301F-11D3-BF4B-00C04F79EFBC}") = "07cab3d6-0d7d", "07cab3d6-0d7d.csproj", "{D959CAAA-039C-4AF9-B1EA-4B1AFCD2DF32}"
EndProject
Global
	GlobalSection(SolutionConfigurationPlatforms) = preSolution
		Debug|Any CPU = Debug|Any CPU
		Release|Any CPU = Release|Any CPU
	EndGlobalSection
	GlobalSection(ProjectConfigurationPlatforms) = postSolution
		{D959CAAA-039C-4AF9-B1EA-4B1AFCD2DF32}.Debug|Any CPU.ActiveCfg = Debug|Any CPU
		{D959CAAA-039C-4AF9-B1EA-4B1AFCD2DF32}.Debug|Any CPU.Build.0 = Debug|Any CPU
		{D959CAAA-039C-4AF9-B1EA-4B1AFCD2DF32}.Release|Any CPU.ActiveCfg = Release|Any CPU
		{D959CAAA-039C-4AF9-B1EA-4B1AFCD2DF32}.Release|Any CPU.Build.0 = Release|Any CPU
	EndGlobalSection
	GlobalSection(SolutionProperties) = preSolution
		HideSolutionNode = FALSE
	EndGlobalSection
	GlobalSection(ExtensibilityGlobals) = postSolution
		SolutionGuid = {A971396A-6516-4C1F-8D7E-08B122C586CF}
	EndGlobalSection
EndGlobal
